// !$*UTF8*$!
{
	archiveVersion = 1;
	classes = {
	};
	objectVersion = 46;
	objects = {

/* Begin PBXBuildFile section */
		3152CD4C1E7B2A20008824E5 /* AppDelegate.swift in Sources */ = {isa = PBXBuildFile; fileRef = 3152CD4B1E7B2A20008824E5 /* AppDelegate.swift */; };
		3152CD4E1E7B2A20008824E5 /* ViewController.swift in Sources */ = {isa = PBXBuildFile; fileRef = 3152CD4D1E7B2A20008824E5 /* ViewController.swift */; };
		3152CD511E7B2A20008824E5 /* Main.storyboard in Resources */ = {isa = PBXBuildFile; fileRef = 3152CD4F1E7B2A20008824E5 /* Main.storyboard */; };
		3152CD531E7B2A20008824E5 /* Assets.xcassets in Resources */ = {isa = PBXBuildFile; fileRef = 3152CD521E7B2A20008824E5 /* Assets.xcassets */; };
		3152CD561E7B2A20008824E5 /* LaunchScreen.storyboard in Resources */ = {isa = PBXBuildFile; fileRef = 3152CD541E7B2A20008824E5 /* LaunchScreen.storyboard */; };
/* End PBXBuildFile section */

/* Begin PBXFileReference section */
		3152CD481E7B2A20008824E5 /* stackadata-stack-xD.app */ = {isa = PBXFileReference; explicitFileType = wrapper.application; includeInIndex = 0; path = "stackadata-stack-xD.app"; sourceTree = BUILT_PRODUCTS_DIR; };
		3152CD4B1E7B2A20008824E5 /* AppDelegate.swift */ = {isa = PBXFileReference; lastKnownFileType = sourcecode.swift; path = AppDelegate.swift; sourceTree = "<group>"; };
		3152CD4D1E7B2A20008824E5 /* ViewController.swift */ = {isa = PBXFileReference; lastKnownFileType = sourcecode.swift; path = ViewController.swift; sourceTree = "<group>"; };
		3152CD501E7B2A20008824E5 /* Base */ = {isa = PBXFileReference; lastKnownFileType = file.storyboard; name = Base; path = Base.lproj/Main.storyboard; sourceTree = "<group>"; };
		3152CD521E7B2A20008824E5 /* Assets.xcassets */ = {isa = PBXFileReference; lastKnownFileType = folder.assetcatalog; path = Assets.xcassets; sourceTree = "<group>"; };
		3152CD551E7B2A20008824E5 /* Base */ = {isa = PBXFileReference; lastKnownFileType = file.storyboard; name = Base; path = Base.lproj/LaunchScreen.storyboard; sourceTree = "<group>"; };
		3152CD571E7B2A20008824E5 /* Info.plist */ = {isa = PBXFileReference; lastKnownFileType = text.plist.xml; path = Info.plist; sourceTree = "<group>"; };
/* End PBXFileReference section */

/* Begin PBXFrameworksBuildPhase section */
		3152CD451E7B2A20008824E5 /* Frameworks */ = {
			isa = PBXFrameworksBuildPhase;
			buildActionMask = 2147483647;
			files = (
			);
			runOnlyForDeploymentPostprocessing = 0;
		};
/* End PBXFrameworksBuildPhase section */

/* Begin PBXGroup section */
		3152CD3F1E7B2A20008824E5 = {
			isa = PBXGroup;
			children = (
				3152CD4A1E7B2A20008824E5 /* stackadata-stack-xD */,
				3152CD491E7B2A20008824E5 /* Products */,
			);
			sourceTree = "<group>";
		};
		3152CD491E7B2A20008824E5 /* Products */ = {
			isa = PBXGroup;
			children = (
				3152CD481E7B2A20008824E5 /* stackadata-stack-xD.app */,
			);
			name = Products;
			sourceTree = "<group>";
		};
		3152CD4A1E7B2A20008824E5 /* stackadata-stack-xD */ = {
			isa = PBXGroup;
			children = (
				3152CD4B1E7B2A20008824E5 /* AppDelegate.swift */,
				3152CD4D1E7B2A20008824E5 /* ViewController.swift */,
				3152CD4F1E7B2A20008824E5 /* Main.storyboard */,
				3152CD521E7B2A20008824E5 /* Assets.xcassets */,
				3152CD541E7B2A20008824E5 /* LaunchScreen.storyboard */,
				3152CD571E7B2A20008824E5 /* Info.plist */,
			);
			path = "stackadata-stack-xD";
			sourceTree = "<group>";
		};
/* End PBXGroup section */

/* Begin PBXNativeTarget section */
		3152CD471E7B2A20008824E5 /* stackadata-stack-xD */ = {
			isa = PBXNativeTarget;
			buildConfigurationList = 3152CD5A1E7B2A20008824E5 /* Build configuration list for PBXNativeTarget "stackadata-stack-xD" */;
			buildPhases = (
				3152CD441E7B2A20008824E5 /* Sources */,
				3152CD451E7B2A20008824E5 /* Frameworks */,
				3152CD461E7B2A20008824E5 /* Resources */,
			);
			buildRules = (
			);
			dependencies = (
			);
			name = "stackadata-stack-xD";
			productName = "stackadata-stack-xD";
			productReference = 3152CD481E7B2A20008824E5 /* stackadata-stack-xD.app */;
			productType = "com.apple.product-type.application";
		};
/* End PBXNativeTarget section */

/* Begin PBXProject section */
		3152CD401E7B2A20008824E5 /* Project object */ = {
			isa = PBXProject;
			attributes = {
				LastSwiftUpdateCheck = 0820;
				LastUpgradeCheck = 0820;
				ORGANIZATIONNAME = Lionmane;
				TargetAttributes = {
					3152CD471E7B2A20008824E5 = {
						CreatedOnToolsVersion = 8.2.1;
						ProvisioningStyle = Automatic;
					};
				};
			};
			buildConfigurationList = 3152CD431E7B2A20008824E5 /* Build configuration list for PBXProject "stackadata-stack-xD" */;
			compatibilityVersion = "Xcode 3.2";
			developmentRegion = English;
			hasScannedForEncodings = 0;
			knownRegions = (
				en,
				Base,
			);
			mainGroup = 3152CD3F1E7B2A20008824E5;
			productRefGroup = 3152CD491E7B2A20008824E5 /* Products */;
			projectDirPath = "";
			projectRoot = "";
			targets = (
				3152CD471E7B2A20008824E5 /* stackadata-stack-xD */,
			);
		};
/* End PBXProject section */

/* Begin PBXResourcesBuildPhase section */
		3152CD461E7B2A20008824E5 /* Resources */ = {
			isa = PBXResourcesBuildPhase;
			buildActionMask = 2147483647;
			files = (
				3152CD561E7B2A20008824E5 /* LaunchScreen.storyboard in Resources */,
				3152CD531E7B2A20008824E5 /* Assets.xcassets in Resources */,
				3152CD511E7B2A20008824E5 /* Main.storyboard in Resources */,
			);
			runOnlyForDeploymentPostprocessing = 0;
		};
/* End PBXResourcesBuildPhase section */

/* Begin PBXSourcesBuildPhase section */
		3152CD441E7B2A20008824E5 /* Sources */ = {
			isa = PBXSourcesBuildPhase;
			buildActionMask = 2147483647;
			files = (
				3152CD4E1E7B2A20008824E5 /* ViewController.swift in Sources */,
				3152CD4C1E7B2A20008824E5 /* AppDelegate.swift in Sources */,
			);
			runOnlyForDeploymentPostprocessing = 0;
		};
/* End PBXSourcesBuildPhase section */

/* Begin PBXVariantGroup section */
		3152CD4F1E7B2A20008824E5 /* Main.storyboard */ = {
			isa = PBXVariantGroup;
			children = (
				3152CD501E7B2A20008824E5 /* Base */,
			);
			name = Main.storyboard;
			sourceTree = "<group>";
		};
		3152CD541E7B2A20008824E5 /* LaunchScreen.storyboard */ = {
			isa = PBXVariantGroup;
			children = (
				3152CD551E7B2A20008824E5 /* Base */,
			);
			name = LaunchScreen.storyboard;
			sourceTree = "<group>";
		};
/* End PBXVariantGroup section */

/* Begin XCBuildConfiguration section */
		3152CD581E7B2A20008824E5 /* Debug */ = {
			isa = XCBuildConfiguration;
			buildSettings = {
				ALWAYS_SEARCH_USER_PATHS = NO;
				CLANG_ANALYZER_NONNULL = YES;
				CLANG_CXX_LANGUAGE_STANDARD = "gnu++0x";
				CLANG_CXX_LIBRARY = "libc++";
				CLANG_ENABLE_MODULES = YES;
				CLANG_ENABLE_OBJC_ARC = YES;
				CLANG_WARN_BOOL_CONVERSION = YES;
				CLANG_WARN_CONSTANT_CONVERSION = YES;
				CLANG_WARN_DIRECT_OBJC_ISA_USAGE = YES_ERROR;
				CLANG_WARN_DOCUMENTATION_COMMENTS = YES;
				CLANG_WARN_EMPTY_BODY = YES;
				CLANG_WARN_ENUM_CONVERSION = YES;
				CLANG_WARN_INFINITE_RECURSION = YES;
				CLANG_WARN_INT_CONVERSION = YES;
				CLANG_WARN_OBJC_ROOT_CLASS = YES_ERROR;
				CLANG_WARN_SUSPICIOUS_MOVE = YES;
				CLANG_WARN_UNREACHABLE_CODE = YES;
				CLANG_WARN__DUPLICATE_METHOD_MATCH = YES;
				"CODE_SIGN_IDENTITY[sdk=iphoneos*]" = "iPhone Developer";
				COPY_PHASE_STRIP = NO;
				DEBUG_INFORMATION_FORMAT = dwarf;
				ENABLE_STRICT_OBJC_MSGSEND = YES;
				ENABLE_TESTABILITY = YES;
				GCC_C_LANGUAGE_STANDARD = gnu99;
				GCC_DYNAMIC_NO_PIC = NO;
				GCC_NO_COMMON_BLOCKS = YES;
				GCC_OPTIMIZATION_LEVEL = 0;
				GCC_PREPROCESSOR_DEFINITIONS = (
					"DEBUG=1",
					"$(inherited)",
				);
				GCC_WARN_64_TO_32_BIT_CONVERSION = YES;
				GCC_WARN_ABOUT_RETURN_TYPE = YES_ERROR;
				GCC_WARN_UNDECLARED_SELECTOR = YES;
				GCC_WARN_UNINITIALIZED_AUTOS = YES_AGGRESSIVE;
				GCC_WARN_UNUSED_FUNCTION = YES;
				GCC_WARN_UNUSED_VARIABLE = YES;
				IPHONEOS_DEPLOYMENT_TARGET = 10.2;
				MTL_ENABLE_DEBUG_INFO = YES;
				ONLY_ACTIVE_ARCH = YES;
				SDKROOT = iphoneos;
				SWIFT_ACTIVE_COMPILATION_CONDITIONS = DEBUG;
				SWIFT_OPTIMIZATION_LEVEL = "-Onone";
				TARGETED_DEVICE_FAMILY = "1,2";
			};
			name = Debug;
		};
		3152CD591E7B2A20008824E5 /* Release */ = {
			isa = XCBuildConfiguration;
			buildSettings = {
				ALWAYS_SEARCH_USER_PATHS = NO;
				CLANG_ANALYZER_NONNULL = YES;
				CLANG_CXX_LANGUAGE_STANDARD = "gnu++0x";
				CLANG_CXX_LIBRARY = "libc++";
				CLANG_ENABLE_MODULES = YES;
				CLANG_ENABLE_OBJC_ARC = YES;
				CLANG_WARN_BOOL_CONVERSION = YES;
				CLANG_WARN_CONSTANT_CONVERSION = YES;
				CLANG_WARN_DIRECT_OBJC_ISA_USAGE = YES_ERROR;
				CLANG_WARN_DOCUMENTATION_COMMENTS = YES;
				CLANG_WARN_EMPTY_BODY = YES;
				CLANG_WARN_ENUM_CONVERSION = YES;
				CLANG_WARN_INFINITE_RECURSION = YES;
				CLANG_WARN_INT_CONVERSION = YES;
				CLANG_WARN_OBJC_ROOT_CLASS = YES_ERROR;
				CLANG_WARN_SUSPICIOUS_MOVE = YES;
				CLANG_WARN_UNREACHABLE_CODE = YES;
				CLANG_WARN__DUPLICATE_METHOD_MATCH = YES;
				"CODE_SIGN_IDENTITY[sdk=iphoneos*]" = "iPhone Developer";
				COPY_PHASE_STRIP = NO;
				DEBUG_INFORMATION_FORMAT = "dwarf-with-dsym";
				ENABLE_NS_ASSERTIONS = NO;
				ENABLE_STRICT_OBJC_MSGSEND = YES;
				GCC_C_LANGUAGE_STANDARD = gnu99;
				GCC_NO_COMMON_BLOCKS = YES;
				GCC_WARN_64_TO_32_BIT_CONVERSION = YES;
				GCC_WARN_ABOUT_RETURN_TYPE = YES_ERROR;
				GCC_WARN_UNDECLARED_SELECTOR = YES;
				GCC_WARN_UNINITIALIZED_AUTOS = YES_AGGRESSIVE;
				GCC_WARN_UNUSED_FUNCTION = YES;
				GCC_WARN_UNUSED_VARIABLE = YES;
				IPHONEOS_DEPLOYMENT_TARGET = 10.2;
				MTL_ENABLE_DEBUG_INFO = NO;
				SDKROOT = iphoneos;
				SWIFT_OPTIMIZATION_LEVEL = "-Owholemodule";
				TARGETED_DEVICE_FAMILY = "1,2";
				VALIDATE_PRODUCT = YES;
			};
			name = Release;
		};
		3152CD5B1E7B2A20008824E5 /* Debug */ = {
			isa = XCBuildConfiguration;
			buildSettings = {
				ASSETCATALOG_COMPILER_APPICON_NAME = AppIcon;
				INFOPLIST_FILE = "stackadata-stack-xD/Info.plist";
				LD_RUNPATH_SEARCH_PATHS = "$(inherited) @executable_path/Frameworks";
				PRODUCT_BUNDLE_IDENTIFIER = "com.sicajan.stackadata-stack-xD";
				PRODUCT_NAME = "$(TARGET_NAME)";
				SWIFT_VERSION = 3.0;
			};
			name = Debug;
		};
		3152CD5C1E7B2A20008824E5 /* Release */ = {
			isa = XCBuildConfiguration;
			buildSettings = {
				ASSETCATALOG_COMPILER_APPICON_NAME = AppIcon;
				INFOPLIST_FILE = "stackadata-stack-xD/Info.plist";
				LD_RUNPATH_SEARCH_PATHS = "$(inherited) @executable_path/Frameworks";
				PRODUCT_BUNDLE_IDENTIFIER = "com.sicajan.stackadata-stack-xD";
				PRODUCT_NAME = "$(TARGET_NAME)";
				SWIFT_VERSION = 3.0;
			};
			name = Release;
		};
/* End XCBuildConfiguration section */

/* Begin XCConfigurationList section */
		3152CD431E7B2A20008824E5 /* Build configuration list for PBXProject "stackadata-stack-xD" */ = {
			isa = XCConfigurationList;
			buildConfigurations = (
				3152CD581E7B2A20008824E5 /* Debug */,
				3152CD591E7B2A20008824E5 /* Release */,
			);
			defaultConfigurationIsVisible = 0;
			defaultConfigurationName = Release;
		};
		3152CD5A1E7B2A20008824E5 /* Build configuration list for PBXNativeTarget "stackadata-stack-xD" */ = {
			isa = XCConfigurationList;
			buildConfigurations = (
				3152CD5B1E7B2A20008824E5 /* Debug */,
				3152CD5C1E7B2A20008824E5 /* Release */,
			);
			defaultConfigurationIsVisible = 0;
		};
/* End XCConfigurationList section */
	};
	rootObject = 3152CD401E7B2A20008824E5 /* Project object */;
}
